Microsoft Visual Studio Solution File, Format Version 12.00
# Visual Studio Version 16
VisualStudioVersion = 16.0.30320.27
MinimumVisualStudioVersion = 10.0.40219.1
Project("{9092AA53-FB77-4645-B42D-1CCCA6BD08BD}") = "Argon", "Argon.njsproj", "{34A5760B-9D78-4A4E-90F4-D74B60C2975D}"
EndProject
Global
	GlobalSection(SolutionConfigurationPlatforms) = preSolution
		Debug|Any CPU = Debug|Any CPU
		Release|Any CPU = Release|Any CPU
	EndGlobalSection
	GlobalSection(ProjectConfigurationPlatforms) = postSolution
		{34A5760B-9D78-4A4E-90F4-D74B60C2975D}.Debug|Any CPU.ActiveCfg = Debug|Any CPU
		{34A5760B-9D78-4A4E-90F4-D74B60C2975D}.Debug|Any CPU.Build.0 = Debug|Any CPU
		{34A5760B-9D78-4A4E-90F4-D74B60C2975D}.Release|Any CPU.ActiveCfg = Release|Any CPU
		{34A5760B-9D78-4A4E-90F4-D74B60C2975D}.Release|Any CPU.Build.0 = Release|Any CPU
	EndGlobalSection
	GlobalSection(SolutionProperties) = preSolution
		HideSolutionNode = FALSE
	EndGlobalSection
	GlobalSection(ExtensibilityGlobals) = postSolution
		SolutionGuid = {6C12D8EB-9AE6-41A7-922B-0C8B67E4103F}
	EndGlobalSection
EndGlobal